# This file is autogenerated, do not edit; changes may be undone by the next 'dep ensure'.


[[projects]]
  name = "github.com/sirupsen/logrus"
  packages = ["."]
  revision = "c155da19408a8799da419ed3eeb0cb5db0ad5dbc"
  version = "v1.0.5"

[[projects]]
  branch = "master"
  name = "golang.org/x/crypto"
  packages = ["ssh/terminal"]
  revision = "d6449816ce06963d9d136eee5a56fca5b0616e7e"

[[projects]]
  branch = "master"
  name = "golang.org/x/sys"
  packages = [
    "unix",
    "windows"
  ]
  revision = "3ccc7e5779793fd54564baf60c51bf017955e0ba"

[[projects]]
  branch = "master"
  name = "vbom.ml/util"
  packages = ["sortorder"]
  revision = "256737ac55c46798123f754ab7d2c784e2c71783"

[solve-meta]
  analyzer-name = "dep"
  analyzer-version = 1
  inputs-digest = "bf5b28bb1d1d0eef00a164a20bacdb5fa254656116f766be1c458b9862d58fc3"
  solver-name = "gps-cdcl"
  solver-version = 1
